
Microsoft Visual Studio Solution File, Format Version 12.00
# Visual Studio Version 16
VisualStudioVersion = 16.0.30413.136
MinimumVisualStudioVersion = 10.0.40219.1
Project("{FAE04EC0-301F-11D3-BF4B-00C04F79EFBC}") = "first one", "first one\first one.csproj", "{82E81390-E36B-4E71-B12B-2136719EB2D1}"
EndProject
Global
	GlobalSection(SolutionConfigurationPlatforms) = preSolution
		Debug|Any CPU = Debug|Any CPU
		Release|Any CPU = Release|Any CPU
	EndGlobalSection
	GlobalSection(ProjectConfigurationPlatforms) = postSolution
		{82E81390-E36B-4E71-B12B-2136719EB2D1}.Debug|Any CPU.ActiveCfg = Debug|Any CPU
		{82E81390-E36B-4E71-B12B-2136719EB2D1}.Debug|Any CPU.Build.0 = Debug|Any CPU
		{82E81390-E36B-4E71-B12B-2136719EB2D1}.Release|Any CPU.ActiveCfg = Release|Any CPU
		{82E81390-E36B-4E71-B12B-2136719EB2D1}.Release|Any CPU.Build.0 = Release|Any CPU
	EndGlobalSection
	GlobalSection(SolutionProperties) = preSolution
		HideSolutionNode = FALSE
	EndGlobalSection
	GlobalSection(ExtensibilityGlobals) = postSolution
		SolutionGuid = {938251EC-6D35-4088-82A3-68CF9291D25B}
	EndGlobalSection
EndGlobal
