
Microsoft Visual Studio Solution File, Format Version 12.00
# Visual Studio Version 16
VisualStudioVersion = 16.0.30413.136
MinimumVisualStudioVersion = 10.0.40219.1
Project("{FAE04EC0-301F-11D3-BF4B-00C04F79EFBC}") = "LoopWileCase", "LoopWileCase\LoopWileCase.csproj", "{B4A0B017-708E-419E-93FB-841C3F90A6D9}"
EndProject
Global
	GlobalSection(SolutionConfigurationPlatforms) = preSolution
		Debug|Any CPU = Debug|Any CPU
		Release|Any CPU = Release|Any CPU
	EndGlobalSection
	GlobalSection(ProjectConfigurationPlatforms) = postSolution
		{B4A0B017-708E-419E-93FB-841C3F90A6D9}.Debug|Any CPU.ActiveCfg = Debug|Any CPU
		{B4A0B017-708E-419E-93FB-841C3F90A6D9}.Debug|Any CPU.Build.0 = Debug|Any CPU
		{B4A0B017-708E-419E-93FB-841C3F90A6D9}.Release|Any CPU.ActiveCfg = Release|Any CPU
		{B4A0B017-708E-419E-93FB-841C3F90A6D9}.Release|Any CPU.Build.0 = Release|Any CPU
	EndGlobalSection
	GlobalSection(SolutionProperties) = preSolution
		HideSolutionNode = FALSE
	EndGlobalSection
	GlobalSection(ExtensibilityGlobals) = postSolution
		SolutionGuid = {28B907DF-644A-455F-9D94-22949DAB35E9}
	EndGlobalSection
EndGlobal
